
Microsoft Visual Studio Solution File, Format Version 12.00
# Visual Studio 15
VisualStudioVersion = 15.0.28307.572
MinimumVisualStudioVersion = 10.0.40219.1
Project("{2150E333-8FDC-42A3-9474-1A3956D46DE8}") = "Solution Items", "Solution Items", "{47FCCCD4-A361-41BD-8792-0123BD619991}"
	ProjectSection(SolutionItems) = preProject
		SqlQuery_1.sql = SqlQuery_1.sql
	EndProjectSection
EndProject
Project("{FAE04EC0-301F-11D3-BF4B-00C04F79EFBC}") = "BusinessLogic", "BusinessLogic\BusinessLogic.csproj", "{2770B8A2-146A-42BF-93A6-66162FC2F58A}"
EndProject
Project("{FAE04EC0-301F-11D3-BF4B-00C04F79EFBC}") = "BusinessLogicTest1", "BusinessLogicTest1\BusinessLogicTest1.csproj", "{65B16F38-82E7-4714-8D2E-74C46547DD11}"
EndProject
Project("{FAE04EC0-301F-11D3-BF4B-00C04F79EFBC}") = "TrackServies", "TrackServies\TrackServies.csproj", "{6D952284-CA39-43B6-ABEC-9D04D0F19C67}"
EndProject
Project("{9A19103F-16F7-4668-BE54-9A1E7A4F7556}") = "Workout.SPA", "Workout.SPA\Workout.SPA.csproj", "{D9F95987-54D1-4D83-8BEC-4B8E0FFCE9A6}"
EndProject
Global
	GlobalSection(SolutionConfigurationPlatforms) = preSolution
		Debug|Any CPU = Debug|Any CPU
		Release|Any CPU = Release|Any CPU
	EndGlobalSection
	GlobalSection(ProjectConfigurationPlatforms) = postSolution
		{2770B8A2-146A-42BF-93A6-66162FC2F58A}.Debug|Any CPU.ActiveCfg = Debug|Any CPU
		{2770B8A2-146A-42BF-93A6-66162FC2F58A}.Debug|Any CPU.Build.0 = Debug|Any CPU
		{2770B8A2-146A-42BF-93A6-66162FC2F58A}.Release|Any CPU.ActiveCfg = Release|Any CPU
		{2770B8A2-146A-42BF-93A6-66162FC2F58A}.Release|Any CPU.Build.0 = Release|Any CPU
		{65B16F38-82E7-4714-8D2E-74C46547DD11}.Debug|Any CPU.ActiveCfg = Debug|Any CPU
		{65B16F38-82E7-4714-8D2E-74C46547DD11}.Debug|Any CPU.Build.0 = Debug|Any CPU
		{65B16F38-82E7-4714-8D2E-74C46547DD11}.Release|Any CPU.ActiveCfg = Release|Any CPU
		{65B16F38-82E7-4714-8D2E-74C46547DD11}.Release|Any CPU.Build.0 = Release|Any CPU
		{6D952284-CA39-43B6-ABEC-9D04D0F19C67}.Debug|Any CPU.ActiveCfg = Debug|Any CPU
		{6D952284-CA39-43B6-ABEC-9D04D0F19C67}.Debug|Any CPU.Build.0 = Debug|Any CPU
		{6D952284-CA39-43B6-ABEC-9D04D0F19C67}.Release|Any CPU.ActiveCfg = Release|Any CPU
		{6D952284-CA39-43B6-ABEC-9D04D0F19C67}.Release|Any CPU.Build.0 = Release|Any CPU
		{D9F95987-54D1-4D83-8BEC-4B8E0FFCE9A6}.Debug|Any CPU.ActiveCfg = Debug|Any CPU
		{D9F95987-54D1-4D83-8BEC-4B8E0FFCE9A6}.Debug|Any CPU.Build.0 = Debug|Any CPU
		{D9F95987-54D1-4D83-8BEC-4B8E0FFCE9A6}.Release|Any CPU.ActiveCfg = Release|Any CPU
		{D9F95987-54D1-4D83-8BEC-4B8E0FFCE9A6}.Release|Any CPU.Build.0 = Release|Any CPU
	EndGlobalSection
	GlobalSection(SolutionProperties) = preSolution
		HideSolutionNode = FALSE
	EndGlobalSection
	GlobalSection(ExtensibilityGlobals) = postSolution
		SolutionGuid = {216F4109-5F36-465D-B2B6-15437FF00521}
	EndGlobalSection
EndGlobal
